
Microsoft Visual Studio Solution File, Format Version 12.00
# Visual Studio Version 17
VisualStudioVersion = 17.2.32616.157
MinimumVisualStudioVersion = 10.0.40219.1
Project("{FAE04EC0-301F-11D3-BF4B-00C04F79EFBC}") = "task1", "task1.csproj", "{F60C2813-2A2A-4FC0-BF47-A0E852BF5559}"
EndProject
Project("{9A19103F-16F7-4668-BE54-9A1E7A4F7556}") = "MatrixOperations", "..\MatrixOperations\MatrixOperations.csproj", "{C1CF2142-15FD-4295-B7E5-FC765CCA3BC9}"
EndProject
Global
	GlobalSection(SolutionConfigurationPlatforms) = preSolution
		Debug|Any CPU = Debug|Any CPU
		Release|Any CPU = Release|Any CPU
	EndGlobalSection
	GlobalSection(ProjectConfigurationPlatforms) = postSolution
		{F60C2813-2A2A-4FC0-BF47-A0E852BF5559}.Debug|Any CPU.ActiveCfg = Debug|Any CPU
		{F60C2813-2A2A-4FC0-BF47-A0E852BF5559}.Debug|Any CPU.Build.0 = Debug|Any CPU
		{F60C2813-2A2A-4FC0-BF47-A0E852BF5559}.Release|Any CPU.ActiveCfg = Release|Any CPU
		{F60C2813-2A2A-4FC0-BF47-A0E852BF5559}.Release|Any CPU.Build.0 = Release|Any CPU
		{C1CF2142-15FD-4295-B7E5-FC765CCA3BC9}.Debug|Any CPU.ActiveCfg = Debug|Any CPU
		{C1CF2142-15FD-4295-B7E5-FC765CCA3BC9}.Debug|Any CPU.Build.0 = Debug|Any CPU
		{C1CF2142-15FD-4295-B7E5-FC765CCA3BC9}.Release|Any CPU.ActiveCfg = Release|Any CPU
		{C1CF2142-15FD-4295-B7E5-FC765CCA3BC9}.Release|Any CPU.Build.0 = Release|Any CPU
	EndGlobalSection
	GlobalSection(SolutionProperties) = preSolution
		HideSolutionNode = FALSE
	EndGlobalSection
	GlobalSection(ExtensibilityGlobals) = postSolution
		SolutionGuid = {9E801139-840F-4B07-BB1B-05F40B7B2C23}
	EndGlobalSection
EndGlobal
